
Microsoft Visual Studio Solution File, Format Version 12.00
# Visual Studio 15
VisualStudioVersion = 15.0.27130.0
MinimumVisualStudioVersion = 10.0.40219.1
Project("{FAE04EC0-301F-11D3-BF4B-00C04F79EFBC}") = "SolutionCleaner", "SolutionCleaner\SolutionCleaner.csproj", "{A8375332-FB1C-4C86-B3B4-39F949F385DB}"
EndProject
Global
	GlobalSection(SolutionConfigurationPlatforms) = preSolution
		Debug|Any CPU = Debug|Any CPU
		Release|Any CPU = Release|Any CPU
	EndGlobalSection
	GlobalSection(ProjectConfigurationPlatforms) = postSolution
		{A8375332-FB1C-4C86-B3B4-39F949F385DB}.Debug|Any CPU.ActiveCfg = Debug|Any CPU
		{A8375332-FB1C-4C86-B3B4-39F949F385DB}.Debug|Any CPU.Build.0 = Debug|Any CPU
		{A8375332-FB1C-4C86-B3B4-39F949F385DB}.Release|Any CPU.ActiveCfg = Release|Any CPU
		{A8375332-FB1C-4C86-B3B4-39F949F385DB}.Release|Any CPU.Build.0 = Release|Any CPU
	EndGlobalSection
	GlobalSection(SolutionProperties) = preSolution
		HideSolutionNode = FALSE
	EndGlobalSection
	GlobalSection(ExtensibilityGlobals) = postSolution
		SolutionGuid = {D05905AB-3E9B-483A-A082-0DD057B5FC7D}
	EndGlobalSection
EndGlobal
